{
  "name": "app",
  "lockfileVersion": 2,
  "requires": true,
  "packages": {
    "": {
      "dependencies": {
        "tone": "^14.8.38"
      },
      "devDependencies": {
        "esbuild": "^0.12.21"
      },
      "engines": {
        "node": "16.x"
      }
    },
    "node_modules/@babel/runtime": {
      "version": "7.17.9",
      "resolved": "https://registry.npmjs.org/@babel/runtime/-/runtime-7.17.9.tgz",
      "integrity": "sha512-lSiBBvodq29uShpWGNbgFdKYNiFDo5/HIYsaCEY9ff4sb10x9jizo2+pRrSyF4jKZCXqgzuqBOQKbUm90gQwJg==",
      "dependencies": {
        "regenerator-runtime": "^0.13.4"
      },
      "engines": {
        "node": ">=6.9.0"
      }
    },
    "node_modules/automation-events": {
      "version": "4.0.15",
      "resolved": "https://registry.npmjs.org/automation-events/-/automation-events-4.0.15.tgz",
      "integrity": "sha512-58S7TZEii10lx4SABD/B52uMZXN30FWbfM06+3Kgo602YvWbhPQG2IiOvr/7iI5x7fjrqPNVjAigA0C/kOA28g==",
      "dependencies": {
        "@babel/runtime": "^7.17.9",
        "tslib": "^2.3.1"
      },
      "engines": {
        "node": ">=12.20.1"
      }
    },
    "node_modules/esbuild": {
      "version": "0.12.29",
      "resolved": "https://registry.npmjs.org/esbuild/-/esbuild-0.12.29.tgz",
      "integrity": "sha512-w/XuoBCSwepyiZtIRsKsetiLDUVGPVw1E/R3VTFSecIy8UR7Cq3SOtwKHJMFoVqqVG36aGkzh4e8BvpO1Fdc7g==",
      "dev": true,
      "hasInstallScript": true,
      "bin": {
        "esbuild": "bin/esbuild"
      }
    },
    "node_modules/regenerator-runtime": {
      "version": "0.13.9",
      "resolved": "https://registry.npmjs.org/regenerator-runtime/-/regenerator-runtime-0.13.9.tgz",
      "integrity": "sha512-p3VT+cOEgxFsRRA9X4lkI1E+k2/CtnKtU4gcxyaCUreilL/vqI6CdZ3wxVUx3UOUg+gnUOQQcRI7BmSI656MYA=="
    },
    "node_modules/standardized-audio-context": {
      "version": "25.3.22",
      "resolved": "https://registry.npmjs.org/standardized-audio-context/-/standardized-audio-context-25.3.22.tgz",
      "integrity": "sha512-xCUN64AO8tgxv2DkoWwZePuJ3p2wITUlpZsUWMMRg8v6c4pxjnyHKRmr1UZLeK8Kf97CKjbC2MmijGOPf4pZCg==",
      "dependencies": {
        "@babel/runtime": "^7.17.9",
        "automation-events": "^4.0.15",
        "tslib": "^2.3.1"
      }
    },
    "node_modules/tone": {
      "version": "14.8.38",
      "resolved": "https://registry.npmjs.org/tone/-/tone-14.8.38.tgz",
      "integrity": "sha512-6u1xI/dMirxhFmCQYboEymz4A3dCZIMqj1a15cqVSFq1Q78/sV12emM/rY5LkK1u3VMnzT+9iX/hVMkJzNtrpA==",
      "dependencies": {
        "standardized-audio-context": "^25.3.16",
        "tslib": "^2.3.1"
      }
    },
    "node_modules/tslib": {
      "version": "2.3.1",
      "resolved": "https://registry.npmjs.org/tslib/-/tslib-2.3.1.tgz",
      "integrity": "sha512-77EbyPPpMz+FRFRuAFlWMtmgUWGe9UOG2Z25NqCwiIjRhOf5iKGuzSe5P2w1laq+FkRy4p+PCuVkJSGkzTEKVw=="
    }
  },
  "dependencies": {
    "@babel/runtime": {
      "version": "7.17.9",
      "resolved": "https://registry.npmjs.org/@babel/runtime/-/runtime-7.17.9.tgz",
      "integrity": "sha512-lSiBBvodq29uShpWGNbgFdKYNiFDo5/HIYsaCEY9ff4sb10x9jizo2+pRrSyF4jKZCXqgzuqBOQKbUm90gQwJg==",
      "requires": {
        "regenerator-runtime": "^0.13.4"
      }
    },
    "automation-events": {
      "version": "4.0.15",
      "resolved": "https://registry.npmjs.org/automation-events/-/automation-events-4.0.15.tgz",
      "integrity": "sha512-58S7TZEii10lx4SABD/B52uMZXN30FWbfM06+3Kgo602YvWbhPQG2IiOvr/7iI5x7fjrqPNVjAigA0C/kOA28g==",
      "requires": {
        "@babel/runtime": "^7.17.9",
        "tslib": "^2.3.1"
      }
    },
    "esbuild": {
      "version": "0.12.29",
      "resolved": "https://registry.npmjs.org/esbuild/-/esbuild-0.12.29.tgz",
      "integrity": "sha512-w/XuoBCSwepyiZtIRsKsetiLDUVGPVw1E/R3VTFSecIy8UR7Cq3SOtwKHJMFoVqqVG36aGkzh4e8BvpO1Fdc7g==",
      "dev": true
    },
    "regenerator-runtime": {
      "version": "0.13.9",
      "resolved": "https://registry.npmjs.org/regenerator-runtime/-/regenerator-runtime-0.13.9.tgz",
      "integrity": "sha512-p3VT+cOEgxFsRRA9X4lkI1E+k2/CtnKtU4gcxyaCUreilL/vqI6CdZ3wxVUx3UOUg+gnUOQQcRI7BmSI656MYA=="
    },
    "standardized-audio-context": {
      "version": "25.3.22",
      "resolved": "https://registry.npmjs.org/standardized-audio-context/-/standardized-audio-context-25.3.22.tgz",
      "integrity": "sha512-xCUN64AO8tgxv2DkoWwZePuJ3p2wITUlpZsUWMMRg8v6c4pxjnyHKRmr1UZLeK8Kf97CKjbC2MmijGOPf4pZCg==",
      "requires": {
        "@babel/runtime": "^7.17.9",
        "automation-events": "^4.0.15",
        "tslib": "^2.3.1"
      }
    },
    "tone": {
      "version": "14.8.38",
      "resolved": "https://registry.npmjs.org/tone/-/tone-14.8.38.tgz",
      "integrity": "sha512-6u1xI/dMirxhFmCQYboEymz4A3dCZIMqj1a15cqVSFq1Q78/sV12emM/rY5LkK1u3VMnzT+9iX/hVMkJzNtrpA==",
      "requires": {
        "standardized-audio-context": "^25.3.16",
        "tslib": "^2.3.1"
      }
    },
    "tslib": {
      "version": "2.3.1",
      "resolved": "https://registry.npmjs.org/tslib/-/tslib-2.3.1.tgz",
      "integrity": "sha512-77EbyPPpMz+FRFRuAFlWMtmgUWGe9UOG2Z25NqCwiIjRhOf5iKGuzSe5P2w1laq+FkRy4p+PCuVkJSGkzTEKVw=="
    }
  }
}
